
Microsoft Visual Studio Solution File, Format Version 12.00
# Visual Studio Version 17
VisualStudioVersion = 17.10.35027.167
MinimumVisualStudioVersion = 10.0.40219.1
Project("{FAE04EC0-301F-11D3-BF4B-00C04F79EFBC}") = "ConsoleApp2", "ConsoleApp2\ConsoleApp2.csproj", "{499232C1-816A-4A33-BB6B-3A1F561DAE0C}"
EndProject
Global
	GlobalSection(SolutionConfigurationPlatforms) = preSolution
		Debug|Any CPU = Debug|Any CPU
		Release|Any CPU = Release|Any CPU
	EndGlobalSection
	GlobalSection(ProjectConfigurationPlatforms) = postSolution
		{499232C1-816A-4A33-BB6B-3A1F561DAE0C}.Debug|Any CPU.ActiveCfg = Debug|Any CPU
		{499232C1-816A-4A33-BB6B-3A1F561DAE0C}.Debug|Any CPU.Build.0 = Debug|Any CPU
		{499232C1-816A-4A33-BB6B-3A1F561DAE0C}.Release|Any CPU.ActiveCfg = Release|Any CPU
		{499232C1-816A-4A33-BB6B-3A1F561DAE0C}.Release|Any CPU.Build.0 = Release|Any CPU
	EndGlobalSection
	GlobalSection(SolutionProperties) = preSolution
		HideSolutionNode = FALSE
	EndGlobalSection
	GlobalSection(ExtensibilityGlobals) = postSolution
		SolutionGuid = {63DFDAF8-2B41-4728-BE72-08E6736F39B5}
	EndGlobalSection
EndGlobal
